
Microsoft Visual Studio Solution File, Format Version 12.00
# Visual Studio 16
Project("{FAE04EC0-301F-11D3-BF4B-00C04F79EFBC}") = "Assembly-CSharp", "Assembly-CSharp.csproj", "{1A0CE71D-0295-F373-702E-07720979CE0D}"
EndProject
Project("{FAE04EC0-301F-11D3-BF4B-00C04F79EFBC}") = "Assembly-CSharp-Editor", "Assembly-CSharp-Editor.csproj", "{A517C903-C55A-8C0C-A71C-D176072EBF5A}"
EndProject
Global
	GlobalSection(SolutionConfigurationPlatforms) = preSolution
		Debug|Any CPU = Debug|Any CPU
		Release|Any CPU = Release|Any CPU
	EndGlobalSection
	GlobalSection(ProjectConfigurationPlatforms) = postSolution
		{1A0CE71D-0295-F373-702E-07720979CE0D}.Debug|Any CPU.ActiveCfg = Debug|Any CPU
		{1A0CE71D-0295-F373-702E-07720979CE0D}.Debug|Any CPU.Build.0 = Debug|Any CPU
		{1A0CE71D-0295-F373-702E-07720979CE0D}.Release|Any CPU.ActiveCfg = Release|Any CPU
		{1A0CE71D-0295-F373-702E-07720979CE0D}.Release|Any CPU.Build.0 = Release|Any CPU
		{A517C903-C55A-8C0C-A71C-D176072EBF5A}.Debug|Any CPU.ActiveCfg = Debug|Any CPU
		{A517C903-C55A-8C0C-A71C-D176072EBF5A}.Debug|Any CPU.Build.0 = Debug|Any CPU
		{A517C903-C55A-8C0C-A71C-D176072EBF5A}.Release|Any CPU.ActiveCfg = Release|Any CPU
		{A517C903-C55A-8C0C-A71C-D176072EBF5A}.Release|Any CPU.Build.0 = Release|Any CPU
	EndGlobalSection
	GlobalSection(SolutionProperties) = preSolution
		HideSolutionNode = FALSE
	EndGlobalSection
EndGlobal
